PODS:
  - GoogleMaps/Base (2.2.0)
  - GooglePlaces (2.2.0):
    - GoogleMaps/Base (= 2.2.0)

DEPENDENCIES:
  - GooglePlaces

SPEC CHECKSUMS:
  GoogleMaps: 104c418d61ab8a05dff06ed0784c25ea9d37da45
  GooglePlaces: bca867d5e9da15384c794b945e4226848bc6e9d9

PODFILE CHECKSUM: 538f923da3cd0f4ebe3664bc3dd7d6a1804c3cf5

COCOAPODS: 1.2.0
